
Microsoft Visual Studio Solution File, Format Version 12.00
# Visual Studio Version 17
VisualStudioVersion = 17.5.002.0
MinimumVisualStudioVersion = 10.0.40219.1
Project("{9A19103F-16F7-4668-BE54-9A1E7A4F7556}") = "AntiBotIO.Client", "Client\AntiBotIO.Client.csproj", "{A235562C-B045-4364-BC53-7EF4EDF0807F}"
EndProject
Project("{9A19103F-16F7-4668-BE54-9A1E7A4F7556}") = "AntiBotIO.Server", "Server\AntiBotIO.Server.csproj", "{540559DD-6CEF-4EA4-86F1-74C2A8184E83}"
EndProject
Project("{9A19103F-16F7-4668-BE54-9A1E7A4F7556}") = "AntiBotIO.Shared", "Shared\AntiBotIO.Shared.csproj", "{BE325631-889D-4253-B46B-C12872780154}"
EndProject
Global
	GlobalSection(SolutionConfigurationPlatforms) = preSolution
		Debug|Any CPU = Debug|Any CPU
		Release|Any CPU = Release|Any CPU
	EndGlobalSection
	GlobalSection(ProjectConfigurationPlatforms) = postSolution
		{A235562C-B045-4364-BC53-7EF4EDF0807F}.Debug|Any CPU.ActiveCfg = Debug|Any CPU
		{A235562C-B045-4364-BC53-7EF4EDF0807F}.Debug|Any CPU.Build.0 = Debug|Any CPU
		{A235562C-B045-4364-BC53-7EF4EDF0807F}.Release|Any CPU.ActiveCfg = Release|Any CPU
		{A235562C-B045-4364-BC53-7EF4EDF0807F}.Release|Any CPU.Build.0 = Release|Any CPU
		{540559DD-6CEF-4EA4-86F1-74C2A8184E83}.Debug|Any CPU.ActiveCfg = Debug|Any CPU
		{540559DD-6CEF-4EA4-86F1-74C2A8184E83}.Debug|Any CPU.Build.0 = Debug|Any CPU
		{540559DD-6CEF-4EA4-86F1-74C2A8184E83}.Release|Any CPU.ActiveCfg = Release|Any CPU
		{540559DD-6CEF-4EA4-86F1-74C2A8184E83}.Release|Any CPU.Build.0 = Release|Any CPU
		{BE325631-889D-4253-B46B-C12872780154}.Debug|Any CPU.ActiveCfg = Debug|Any CPU
		{BE325631-889D-4253-B46B-C12872780154}.Debug|Any CPU.Build.0 = Debug|Any CPU
		{BE325631-889D-4253-B46B-C12872780154}.Release|Any CPU.ActiveCfg = Release|Any CPU
		{BE325631-889D-4253-B46B-C12872780154}.Release|Any CPU.Build.0 = Release|Any CPU
	EndGlobalSection
	GlobalSection(SolutionProperties) = preSolution
		HideSolutionNode = FALSE
	EndGlobalSection
	GlobalSection(ExtensibilityGlobals) = postSolution
		SolutionGuid = {DEE64CF6-9C24-40B9-9448-50C2344EB204}
	EndGlobalSection
EndGlobal
